{
  "name": "html",
  "lockfileVersion": 3,
  "requires": true,
  "packages": {
    "": {
      "dependencies": {
        "broadway-player": "^0.1.1"
      }
    },
    "node_modules/broadway-player": {
      "version": "0.1.1",
      "resolved": "https://registry.npmjs.org/broadway-player/-/broadway-player-0.1.1.tgz",
      "integrity": "sha512-d+tnpuY1hrcFE1mQwMp8CSwISEL5qZVBFioob7zwkygiiW6L8obDezyOr3fcHuxLJk8moioXYCk/cnXJdTCi7A==",
      "license": "BSD-3-Clause"
    }
  }
}
